
Microsoft Visual Studio Solution File, Format Version 12.00
# Visual Studio Version 16
VisualStudioVersion = 16.0.30002.166
MinimumVisualStudioVersion = 10.0.40219.1
Project("{FAE04EC0-301F-11D3-BF4B-00C04F79EFBC}") = "HelloWorldWinform", "HelloWorldWinform\HelloWorldWinform.csproj", "{C875171F-363B-4BD8-8AB0-C13015F412DB}"
EndProject
Global
	GlobalSection(SolutionConfigurationPlatforms) = preSolution
		Debug|Any CPU = Debug|Any CPU
		Release|Any CPU = Release|Any CPU
	EndGlobalSection
	GlobalSection(ProjectConfigurationPlatforms) = postSolution
		{C875171F-363B-4BD8-8AB0-C13015F412DB}.Debug|Any CPU.ActiveCfg = Debug|Any CPU
		{C875171F-363B-4BD8-8AB0-C13015F412DB}.Debug|Any CPU.Build.0 = Debug|Any CPU
		{C875171F-363B-4BD8-8AB0-C13015F412DB}.Release|Any CPU.ActiveCfg = Release|Any CPU
		{C875171F-363B-4BD8-8AB0-C13015F412DB}.Release|Any CPU.Build.0 = Release|Any CPU
	EndGlobalSection
	GlobalSection(SolutionProperties) = preSolution
		HideSolutionNode = FALSE
	EndGlobalSection
	GlobalSection(ExtensibilityGlobals) = postSolution
		SolutionGuid = {1EA254BD-861C-4446-BCA4-9A1B6AE2304E}
	EndGlobalSection
EndGlobal
